
Microsoft Visual Studio Solution File, Format Version 12.00
# Visual Studio Version 17
VisualStudioVersion = 17.11.35222.181
MinimumVisualStudioVersion = 10.0.40219.1
Project("{FAE04EC0-301F-11D3-BF4B-00C04F79EFBC}") = "WeatherApp", "WeatherApp\WeatherApp.csproj", "{C139712F-283A-444C-9D2D-3BF0BE8CF813}"
EndProject
Global
	GlobalSection(SolutionConfigurationPlatforms) = preSolution
		Debug|Any CPU = Debug|Any CPU
		Release|Any CPU = Release|Any CPU
	EndGlobalSection
	GlobalSection(ProjectConfigurationPlatforms) = postSolution
		{C139712F-283A-444C-9D2D-3BF0BE8CF813}.Debug|Any CPU.ActiveCfg = Debug|Any CPU
		{C139712F-283A-444C-9D2D-3BF0BE8CF813}.Debug|Any CPU.Build.0 = Debug|Any CPU
		{C139712F-283A-444C-9D2D-3BF0BE8CF813}.Release|Any CPU.ActiveCfg = Release|Any CPU
		{C139712F-283A-444C-9D2D-3BF0BE8CF813}.Release|Any CPU.Build.0 = Release|Any CPU
	EndGlobalSection
	GlobalSection(SolutionProperties) = preSolution
		HideSolutionNode = FALSE
	EndGlobalSection
	GlobalSection(ExtensibilityGlobals) = postSolution
		SolutionGuid = {76F2D852-CC94-475D-BFF3-9E838A178A89}
	EndGlobalSection
EndGlobal
